// !$*UTF8*$!
{
	archiveVersion = 1;
	classes = {
	};
	objectVersion = 77;
	objects = {

/* Begin PBXBuildFile section */
		A10000000000000000000101 /* KomeliaAppShared in Frameworks */ = {isa = PBXBuildFile; productRef = A10000000000000000000201 /* KomeliaAppShared */; };
		A10000000000000000000102 /* KomeliaUI in Frameworks */ = {isa = PBXBuildFile; productRef = A10000000000000000000202 /* KomeliaUI */; };
		A10000000000000000000103 /* KomgaAPI in Frameworks */ = {isa = PBXBuildFile; productRef = A10000000000000000000203 /* KomgaAPI */; };
		A10000000000000000000104 /* KomeliaEpubKit in Frameworks */ = {isa = PBXBuildFile; productRef = A10000000000000000000204 /* KomeliaEpubKit */; };
/* End PBXBuildFile section */

/* Begin PBXFileReference section */
		A10000000000000000000301 /* Komelia.app */ = {isa = PBXFileReference; explicitFileType = wrapper.application; includeInIndex = 0; path = Komelia.app; sourceTree = BUILT_PRODUCTS_DIR; };
/* End PBXFileReference section */

/* Begin PBXFileSystemSynchronizedRootGroup section */
		A10000000000000000000401 /* Komelia */ = {isa = PBXFileSystemSynchronizedRootGroup; path = Komelia; sourceTree = "<group>"; };
/* End PBXFileSystemSynchronizedRootGroup section */

/* Begin PBXFrameworksBuildPhase section */
		A10000000000000000000501 /* Frameworks */ = {
			isa = PBXFrameworksBuildPhase;
			buildActionMask = 2147483647;
			files = (
				A10000000000000000000101 /* KomeliaAppShared in Frameworks */,
				A10000000000000000000102 /* KomeliaUI in Frameworks */,
				A10000000000000000000103 /* KomgaAPI in Frameworks */,
				A10000000000000000000104 /* KomeliaEpubKit in Frameworks */,
			);
			runOnlyForDeploymentPostprocessing = 0;
		};
/* End PBXFrameworksBuildPhase section */

/* Begin PBXGroup section */
		A10000000000000000000601 = {
			isa = PBXGroup;
			children = (
				A10000000000000000000401 /* Komelia */,
				A10000000000000000000602 /* Products */,
			);
			sourceTree = "<group>";
		};
		A10000000000000000000602 /* Products */ = {
			isa = PBXGroup;
			children = (
				A10000000000000000000301 /* Komelia.app */,
			);
			name = Products;
			sourceTree = "<group>";
		};
/* End PBXGroup section */

/* Begin PBXNativeTarget section */
		A10000000000000000000701 /* Komelia */ = {
			isa = PBXNativeTarget;
			buildConfigurationList = A10000000000000000000A02 /* Build configuration list for PBXNativeTarget "Komelia" */;
			buildPhases = (
				A10000000000000000000801 /* Sources */,
				A10000000000000000000501 /* Frameworks */,
				A10000000000000000000901 /* Resources */,
			);
			buildRules = (
			);
			dependencies = (
			);
			fileSystemSynchronizedGroups = (
				A10000000000000000000401 /* Komelia */,
			);
			name = Komelia;
			packageProductDependencies = (
				A10000000000000000000201 /* KomeliaAppShared */,
				A10000000000000000000202 /* KomeliaUI */,
				A10000000000000000000203 /* KomgaAPI */,
				A10000000000000000000204 /* KomeliaEpubKit */,
			);
			productName = Komelia;
			productReference = A10000000000000000000301 /* Komelia.app */;
			productType = "com.apple.product-type.application";
		};
/* End PBXNativeTarget section */

/* Begin PBXProject section */
		A10000000000000000000B01 /* Project object */ = {
			isa = PBXProject;
			attributes = {
				BuildIndependentTargetsInParallel = 1;
				LastSwiftUpdateCheck = 2600;
				LastUpgradeCheck = 2600;
				TargetAttributes = {
					A10000000000000000000701 = {
						CreatedOnToolsVersion = 26.0;
					};
				};
			};
			buildConfigurationList = A10000000000000000000A01 /* Build configuration list for PBXProject "Komelia" */;
			developmentRegion = en;
			hasScannedForEncodings = 0;
			knownRegions = (
				en,
				Base,
				es,
			);
			mainGroup = A10000000000000000000601;
			minimizedProjectReferenceProxies = 1;
			packageReferences = (
				A10000000000000000000C01 /* XCLocalSwiftPackageReference "Packages/KomeliaKit" */,
				A10000000000000000000C02 /* XCLocalSwiftPackageReference "Packages/KomeliaEpubKit" */,
			);
			preferredProjectObjectVersion = 77;
			productRefGroup = A10000000000000000000602 /* Products */;
			projectDirPath = "";
			projectRoot = "";
			targets = (
				A10000000000000000000701 /* Komelia */,
			);
		};
/* End PBXProject section */

/* Begin PBXResourcesBuildPhase section */
		A10000000000000000000901 /* Resources */ = {
			isa = PBXResourcesBuildPhase;
			buildActionMask = 2147483647;
			files = (
			);
			runOnlyForDeploymentPostprocessing = 0;
		};
/* End PBXResourcesBuildPhase section */

/* Begin PBXSourcesBuildPhase section */
		A10000000000000000000801 /* Sources */ = {
			isa = PBXSourcesBuildPhase;
			buildActionMask = 2147483647;
			files = (
			);
			runOnlyForDeploymentPostprocessing = 0;
		};
/* End PBXSourcesBuildPhase section */

/* Begin XCBuildConfiguration section */
		A10000000000000000000D01 /* Debug */ = {
			isa = XCBuildConfiguration;
			buildSettings = {
				ALWAYS_SEARCH_USER_PATHS = NO;
				CLANG_ENABLE_MODULES = YES;
				CLANG_ENABLE_OBJC_ARC = YES;
				COPY_PHASE_STRIP = NO;
				DEBUG_INFORMATION_FORMAT = dwarf;
				ENABLE_STRICT_OBJC_MSGSEND = YES;
				ENABLE_TESTABILITY = YES;
				ENABLE_USER_SCRIPT_SANDBOXING = YES;
				GCC_DYNAMIC_NO_PIC = NO;
				GCC_OPTIMIZATION_LEVEL = 0;
				GCC_PREPROCESSOR_DEFINITIONS = (
					"DEBUG=1",
					"$(inherited)",
				);
				IPHONEOS_DEPLOYMENT_TARGET = 18.0;
				MTL_ENABLE_DEBUG_INFO = INCLUDE_SOURCE;
				ONLY_ACTIVE_ARCH = YES;
				SDKROOT = iphoneos;
				SWIFT_ACTIVE_COMPILATION_CONDITIONS = "DEBUG $(inherited)";
				SWIFT_OPTIMIZATION_LEVEL = "-Onone";
			};
			name = Debug;
		};
		A10000000000000000000D02 /* Release */ = {
			isa = XCBuildConfiguration;
			buildSettings = {
				ALWAYS_SEARCH_USER_PATHS = NO;
				CLANG_ENABLE_MODULES = YES;
				CLANG_ENABLE_OBJC_ARC = YES;
				COPY_PHASE_STRIP = NO;
				DEBUG_INFORMATION_FORMAT = "dwarf-with-dsym";
				ENABLE_NS_ASSERTIONS = NO;
				ENABLE_STRICT_OBJC_MSGSEND = YES;
				ENABLE_USER_SCRIPT_SANDBOXING = YES;
				IPHONEOS_DEPLOYMENT_TARGET = 18.0;
				MTL_ENABLE_DEBUG_INFO = NO;
				SDKROOT = iphoneos;
				SWIFT_COMPILATION_MODE = wholemodule;
				VALIDATE_PRODUCT = YES;
			};
			name = Release;
		};
		A10000000000000000000E01 /* Debug */ = {
			isa = XCBuildConfiguration;
			buildSettings = {
				ASSETCATALOG_COMPILER_APPICON_NAME = AppIcon;
				ASSETCATALOG_COMPILER_GLOBAL_ACCENT_COLOR_NAME = AccentColor;
				CODE_SIGN_STYLE = Automatic;
				CURRENT_PROJECT_VERSION = 1;
				ENABLE_PREVIEWS = YES;
				GENERATE_INFOPLIST_FILE = YES;
				INFOPLIST_KEY_CFBundleDisplayName = Komelia;
				INFOPLIST_KEY_LSApplicationCategoryType = "public.app-category.books";
				INFOPLIST_FILE = "Config/Komelia-Info.plist";
				INFOPLIST_KEY_NSLocalNetworkUsageDescription = "Komelia connects to your Komga server on the local network.";
				INFOPLIST_KEY_UIApplicationSceneManifest_Generation = YES;
				INFOPLIST_KEY_UIApplicationSupportsIndirectInputEvents = YES;
				INFOPLIST_KEY_UILaunchScreen_Generation = YES;
				INFOPLIST_KEY_UISupportedInterfaceOrientations_iPad = "UIInterfaceOrientationPortrait UIInterfaceOrientationPortraitUpsideDown UIInterfaceOrientationLandscapeLeft UIInterfaceOrientationLandscapeRight";
				INFOPLIST_KEY_UISupportedInterfaceOrientations_iPhone = "UIInterfaceOrientationPortrait UIInterfaceOrientationLandscapeLeft UIInterfaceOrientationLandscapeRight";
				LD_RUNPATH_SEARCH_PATHS = (
					"$(inherited)",
					"@executable_path/Frameworks",
				);
				MARKETING_VERSION = 0.1.0;
				PRODUCT_BUNDLE_IDENTIFIER = io.github.komelia.ios;
				PRODUCT_NAME = "$(TARGET_NAME)";
				SUPPORTED_PLATFORMS = "iphoneos iphonesimulator";
				SUPPORTS_MACCATALYST = NO;
				SWIFT_EMIT_LOC_STRINGS = YES;
				SWIFT_VERSION = 6.0;
				TARGETED_DEVICE_FAMILY = "1,2";
			};
			name = Debug;
		};
		A10000000000000000000E02 /* Release */ = {
			isa = XCBuildConfiguration;
			buildSettings = {
				ASSETCATALOG_COMPILER_APPICON_NAME = AppIcon;
				ASSETCATALOG_COMPILER_GLOBAL_ACCENT_COLOR_NAME = AccentColor;
				CODE_SIGN_STYLE = Automatic;
				CURRENT_PROJECT_VERSION = 1;
				ENABLE_PREVIEWS = YES;
				GENERATE_INFOPLIST_FILE = YES;
				INFOPLIST_KEY_CFBundleDisplayName = Komelia;
				INFOPLIST_KEY_LSApplicationCategoryType = "public.app-category.books";
				INFOPLIST_FILE = "Config/Komelia-Info.plist";
				INFOPLIST_KEY_NSLocalNetworkUsageDescription = "Komelia connects to your Komga server on the local network.";
				INFOPLIST_KEY_UIApplicationSceneManifest_Generation = YES;
				INFOPLIST_KEY_UIApplicationSupportsIndirectInputEvents = YES;
				INFOPLIST_KEY_UILaunchScreen_Generation = YES;
				INFOPLIST_KEY_UISupportedInterfaceOrientations_iPad = "UIInterfaceOrientationPortrait UIInterfaceOrientationPortraitUpsideDown UIInterfaceOrientationLandscapeLeft UIInterfaceOrientationLandscapeRight";
				INFOPLIST_KEY_UISupportedInterfaceOrientations_iPhone = "UIInterfaceOrientationPortrait UIInterfaceOrientationLandscapeLeft UIInterfaceOrientationLandscapeRight";
				LD_RUNPATH_SEARCH_PATHS = (
					"$(inherited)",
					"@executable_path/Frameworks",
				);
				MARKETING_VERSION = 0.1.0;
				PRODUCT_BUNDLE_IDENTIFIER = io.github.komelia.ios;
				PRODUCT_NAME = "$(TARGET_NAME)";
				SUPPORTED_PLATFORMS = "iphoneos iphonesimulator";
				SUPPORTS_MACCATALYST = NO;
				SWIFT_EMIT_LOC_STRINGS = YES;
				SWIFT_VERSION = 6.0;
				TARGETED_DEVICE_FAMILY = "1,2";
			};
			name = Release;
		};
/* End XCBuildConfiguration section */

/* Begin XCConfigurationList section */
		A10000000000000000000A01 /* Build configuration list for PBXProject "Komelia" */ = {
			isa = XCConfigurationList;
			buildConfigurations = (
				A10000000000000000000D01 /* Debug */,
				A10000000000000000000D02 /* Release */,
			);
			defaultConfigurationIsVisible = 0;
			defaultConfigurationName = Release;
		};
		A10000000000000000000A02 /* Build configuration list for PBXNativeTarget "Komelia" */ = {
			isa = XCConfigurationList;
			buildConfigurations = (
				A10000000000000000000E01 /* Debug */,
				A10000000000000000000E02 /* Release */,
			);
			defaultConfigurationIsVisible = 0;
			defaultConfigurationName = Release;
		};
/* End XCConfigurationList section */

/* Begin XCLocalSwiftPackageReference section */
		A10000000000000000000C01 /* XCLocalSwiftPackageReference "Packages/KomeliaKit" */ = {
			isa = XCLocalSwiftPackageReference;
			relativePath = Packages/KomeliaKit;
		};
		A10000000000000000000C02 /* XCLocalSwiftPackageReference "Packages/KomeliaEpubKit" */ = {
			isa = XCLocalSwiftPackageReference;
			relativePath = Packages/KomeliaEpubKit;
		};
/* End XCLocalSwiftPackageReference section */

/* Begin XCSwiftPackageProductDependency section */
		A10000000000000000000201 /* KomeliaAppShared */ = {
			isa = XCSwiftPackageProductDependency;
			productName = KomeliaAppShared;
		};
		A10000000000000000000202 /* KomeliaUI */ = {
			isa = XCSwiftPackageProductDependency;
			productName = KomeliaUI;
		};
		A10000000000000000000203 /* KomgaAPI */ = {
			isa = XCSwiftPackageProductDependency;
			productName = KomgaAPI;
		};
		A10000000000000000000204 /* KomeliaEpubKit */ = {
			isa = XCSwiftPackageProductDependency;
			productName = KomeliaEpubKit;
		};
/* End XCSwiftPackageProductDependency section */
	};
	rootObject = A10000000000000000000B01 /* Project object */;
}
